
Microsoft Visual Studio Solution File, Format Version 12.00
# Visual Studio Version 17
VisualStudioVersion = 17.5.002.0
MinimumVisualStudioVersion = 10.0.40219.1
Project("{9A19103F-16F7-4668-BE54-9A1E7A4F7556}") = "Inventory", "Inventory.csproj", "{CDC17787-0987-4AC4-B99D-A9EB47D48781}"
EndProject
Global
	GlobalSection(SolutionConfigurationPlatforms) = preSolution
		Debug|Any CPU = Debug|Any CPU
		Release|Any CPU = Release|Any CPU
	EndGlobalSection
	GlobalSection(ProjectConfigurationPlatforms) = postSolution
		{CDC17787-0987-4AC4-B99D-A9EB47D48781}.Debug|Any CPU.ActiveCfg = Debug|Any CPU
		{CDC17787-0987-4AC4-B99D-A9EB47D48781}.Debug|Any CPU.Build.0 = Debug|Any CPU
		{CDC17787-0987-4AC4-B99D-A9EB47D48781}.Release|Any CPU.ActiveCfg = Release|Any CPU
		{CDC17787-0987-4AC4-B99D-A9EB47D48781}.Release|Any CPU.Build.0 = Release|Any CPU
	EndGlobalSection
	GlobalSection(SolutionProperties) = preSolution
		HideSolutionNode = FALSE
	EndGlobalSection
	GlobalSection(ExtensibilityGlobals) = postSolution
		SolutionGuid = {FFEBB8DB-3491-4CC8-A009-09CD2562E744}
	EndGlobalSection
EndGlobal
